
Microsoft Visual Studio Solution File, Format Version 12.00
Project("{FAE04EC0-301F-11D3-BF4B-00C04F79EFBC}") = "Castaway.Math", "Castaway.Math\Castaway.Math.csproj", "{0D12B6EE-9A58-46D1-8E9B-AF17DA3256E8}"
EndProject
Project("{FAE04EC0-301F-11D3-BF4B-00C04F79EFBC}") = "Test", "Test\Test.csproj", "{7669529B-5045-409C-A047-B5BCFE121215}"
EndProject
Project("{FAE04EC0-301F-11D3-BF4B-00C04F79EFBC}") = "Castaway.OpenGL.FunctionListGenerator", "Castaway.OpenGL.FunctionListGenerator\Castaway.OpenGL.FunctionListGenerator.csproj", "{2E28263F-8F82-4E70-AA9C-883AF6FA30F9}"
EndProject
Project("{FAE04EC0-301F-11D3-BF4B-00C04F79EFBC}") = "Castaway.Base.Tests", "Castaway.Base.Tests\Castaway.Base.Tests.csproj", "{3B1311D0-A460-43BB-B106-3CB33B9A5BF1}"
EndProject
Project("{2150E333-8FDC-42A3-9474-1A3956D46DE8}") = "Castaway", "Castaway", "{18F0C133-7D5D-4E3A-B8E2-A190D0DF80F3}"
EndProject
Project("{FAE04EC0-301F-11D3-BF4B-00C04F79EFBC}") = "Castaway.Level", "Castaway.Level\Castaway.Level.csproj", "{200B2AD6-CBF2-4CAA-98A1-973E90C8EDA0}"
EndProject
Project("{2150E333-8FDC-42A3-9474-1A3956D46DE8}") = "Unit Tests", "Unit Tests", "{B695E818-6D43-43B6-8FC0-6D45AC383C71}"
EndProject
Project("{FAE04EC0-301F-11D3-BF4B-00C04F79EFBC}") = "Castaway.OpenGL.Native", "Castaway.OpenGL.Native\Castaway.OpenGL.Native.csproj", "{598D042F-CC16-4447-9CCC-4294CCD0A543}"
EndProject
Project("{FAE04EC0-301F-11D3-BF4B-00C04F79EFBC}") = "Castaway.OpenGL", "Castaway.OpenGL\Castaway.OpenGL.csproj", "{14C0C351-5908-4567-8039-98F2A19A0504}"
EndProject
Project("{FAE04EC0-301F-11D3-BF4B-00C04F79EFBC}") = "Castaway.Rendering", "Castaway.Rendering\Castaway.Rendering.csproj", "{18D3D625-CAA3-44AE-A78E-7777D60B608D}"
EndProject
Project("{FAE04EC0-301F-11D3-BF4B-00C04F79EFBC}") = "Castaway.Assets", "Castaway.Assets\Castaway.Assets.csproj", "{1FA4B874-7E4B-449B-A046-66750A05A332}"
EndProject
Project("{FAE04EC0-301F-11D3-BF4B-00C04F79EFBC}") = "Castaway.Base", "Castaway.Base\Castaway.Base.csproj", "{6567FB6A-FED3-4610-956B-C7F1C5FD539A}"
EndProject
Global
	GlobalSection(SolutionConfigurationPlatforms) = preSolution
		Debug|Any CPU = Debug|Any CPU
		Release|Any CPU = Release|Any CPU
	EndGlobalSection
	GlobalSection(ProjectConfigurationPlatforms) = postSolution
		{0D12B6EE-9A58-46D1-8E9B-AF17DA3256E8}.Debug|Any CPU.ActiveCfg = Debug|Any CPU
		{0D12B6EE-9A58-46D1-8E9B-AF17DA3256E8}.Debug|Any CPU.Build.0 = Debug|Any CPU
		{0D12B6EE-9A58-46D1-8E9B-AF17DA3256E8}.Release|Any CPU.ActiveCfg = Release|Any CPU
		{0D12B6EE-9A58-46D1-8E9B-AF17DA3256E8}.Release|Any CPU.Build.0 = Release|Any CPU
		{7669529B-5045-409C-A047-B5BCFE121215}.Debug|Any CPU.ActiveCfg = Debug|Any CPU
		{7669529B-5045-409C-A047-B5BCFE121215}.Debug|Any CPU.Build.0 = Debug|Any CPU
		{7669529B-5045-409C-A047-B5BCFE121215}.Release|Any CPU.ActiveCfg = Release|Any CPU
		{7669529B-5045-409C-A047-B5BCFE121215}.Release|Any CPU.Build.0 = Release|Any CPU
		{2E28263F-8F82-4E70-AA9C-883AF6FA30F9}.Debug|Any CPU.ActiveCfg = Debug|Any CPU
		{2E28263F-8F82-4E70-AA9C-883AF6FA30F9}.Debug|Any CPU.Build.0 = Debug|Any CPU
		{2E28263F-8F82-4E70-AA9C-883AF6FA30F9}.Release|Any CPU.ActiveCfg = Release|Any CPU
		{2E28263F-8F82-4E70-AA9C-883AF6FA30F9}.Release|Any CPU.Build.0 = Release|Any CPU
		{3B1311D0-A460-43BB-B106-3CB33B9A5BF1}.Debug|Any CPU.ActiveCfg = Debug|Any CPU
		{3B1311D0-A460-43BB-B106-3CB33B9A5BF1}.Debug|Any CPU.Build.0 = Debug|Any CPU
		{3B1311D0-A460-43BB-B106-3CB33B9A5BF1}.Release|Any CPU.ActiveCfg = Release|Any CPU
		{3B1311D0-A460-43BB-B106-3CB33B9A5BF1}.Release|Any CPU.Build.0 = Release|Any CPU
		{200B2AD6-CBF2-4CAA-98A1-973E90C8EDA0}.Debug|Any CPU.ActiveCfg = Debug|Any CPU
		{200B2AD6-CBF2-4CAA-98A1-973E90C8EDA0}.Debug|Any CPU.Build.0 = Debug|Any CPU
		{200B2AD6-CBF2-4CAA-98A1-973E90C8EDA0}.Release|Any CPU.ActiveCfg = Release|Any CPU
		{200B2AD6-CBF2-4CAA-98A1-973E90C8EDA0}.Release|Any CPU.Build.0 = Release|Any CPU
		{598D042F-CC16-4447-9CCC-4294CCD0A543}.Debug|Any CPU.ActiveCfg = Debug|Any CPU
		{598D042F-CC16-4447-9CCC-4294CCD0A543}.Debug|Any CPU.Build.0 = Debug|Any CPU
		{598D042F-CC16-4447-9CCC-4294CCD0A543}.Release|Any CPU.ActiveCfg = Release|Any CPU
		{598D042F-CC16-4447-9CCC-4294CCD0A543}.Release|Any CPU.Build.0 = Release|Any CPU
		{14C0C351-5908-4567-8039-98F2A19A0504}.Debug|Any CPU.ActiveCfg = Debug|Any CPU
		{14C0C351-5908-4567-8039-98F2A19A0504}.Debug|Any CPU.Build.0 = Debug|Any CPU
		{14C0C351-5908-4567-8039-98F2A19A0504}.Release|Any CPU.ActiveCfg = Release|Any CPU
		{14C0C351-5908-4567-8039-98F2A19A0504}.Release|Any CPU.Build.0 = Release|Any CPU
		{18D3D625-CAA3-44AE-A78E-7777D60B608D}.Debug|Any CPU.ActiveCfg = Debug|Any CPU
		{18D3D625-CAA3-44AE-A78E-7777D60B608D}.Debug|Any CPU.Build.0 = Debug|Any CPU
		{18D3D625-CAA3-44AE-A78E-7777D60B608D}.Release|Any CPU.ActiveCfg = Release|Any CPU
		{18D3D625-CAA3-44AE-A78E-7777D60B608D}.Release|Any CPU.Build.0 = Release|Any CPU
		{1FA4B874-7E4B-449B-A046-66750A05A332}.Debug|Any CPU.ActiveCfg = Debug|Any CPU
		{1FA4B874-7E4B-449B-A046-66750A05A332}.Debug|Any CPU.Build.0 = Debug|Any CPU
		{1FA4B874-7E4B-449B-A046-66750A05A332}.Release|Any CPU.ActiveCfg = Release|Any CPU
		{1FA4B874-7E4B-449B-A046-66750A05A332}.Release|Any CPU.Build.0 = Release|Any CPU
		{6567FB6A-FED3-4610-956B-C7F1C5FD539A}.Debug|Any CPU.ActiveCfg = Debug|Any CPU
		{6567FB6A-FED3-4610-956B-C7F1C5FD539A}.Debug|Any CPU.Build.0 = Debug|Any CPU
		{6567FB6A-FED3-4610-956B-C7F1C5FD539A}.Release|Any CPU.ActiveCfg = Release|Any CPU
		{6567FB6A-FED3-4610-956B-C7F1C5FD539A}.Release|Any CPU.Build.0 = Release|Any CPU
	EndGlobalSection
	GlobalSection(NestedProjects) = preSolution
		{0D12B6EE-9A58-46D1-8E9B-AF17DA3256E8} = {18F0C133-7D5D-4E3A-B8E2-A190D0DF80F3}
		{200B2AD6-CBF2-4CAA-98A1-973E90C8EDA0} = {18F0C133-7D5D-4E3A-B8E2-A190D0DF80F3}
		{3B1311D0-A460-43BB-B106-3CB33B9A5BF1} = {B695E818-6D43-43B6-8FC0-6D45AC383C71}
		{598D042F-CC16-4447-9CCC-4294CCD0A543} = {18F0C133-7D5D-4E3A-B8E2-A190D0DF80F3}
		{14C0C351-5908-4567-8039-98F2A19A0504} = {18F0C133-7D5D-4E3A-B8E2-A190D0DF80F3}
		{18D3D625-CAA3-44AE-A78E-7777D60B608D} = {18F0C133-7D5D-4E3A-B8E2-A190D0DF80F3}
		{1FA4B874-7E4B-449B-A046-66750A05A332} = {18F0C133-7D5D-4E3A-B8E2-A190D0DF80F3}
		{6567FB6A-FED3-4610-956B-C7F1C5FD539A} = {18F0C133-7D5D-4E3A-B8E2-A190D0DF80F3}
	EndGlobalSection
EndGlobal
